// !$*UTF8*$!
{
	archiveVersion = 1;
	classes = {
	};
	objectVersion = 55;
	objects = {

/* Begin PBXBuildFile section */
		A1CAF0362838940000242B47 /* App.swift in Sources */ = {isa = PBXBuildFile; fileRef = A1CAF00E283893FF00242B47 /* App.swift */; };
		A1CAF0372838940000242B47 /* App.swift in Sources */ = {isa = PBXBuildFile; fileRef = A1CAF00E283893FF00242B47 /* App.swift */; };
		A1CAF0382838940000242B47 /* ContentView.swift in Sources */ = {isa = PBXBuildFile; fileRef = A1CAF00F283893FF00242B47 /* ContentView.swift */; };
		A1CAF0392838940000242B47 /* ContentView.swift in Sources */ = {isa = PBXBuildFile; fileRef = A1CAF00F283893FF00242B47 /* ContentView.swift */; };
		A1CAF03A2838940000242B47 /* Assets.xcassets in Resources */ = {isa = PBXBuildFile; fileRef = A1CAF0102838940000242B47 /* Assets.xcassets */; };
		A1CAF03B2838940000242B47 /* Assets.xcassets in Resources */ = {isa = PBXBuildFile; fileRef = A1CAF0102838940000242B47 /* Assets.xcassets */; };
		A1CAF04C2838945D00242B47 /* DropboxAuth in Frameworks */ = {isa = PBXBuildFile; productRef = A1CAF04B2838945D00242B47 /* DropboxAuth */; };
		A1CAF04F2838947800242B47 /* DropboxAuth in Frameworks */ = {isa = PBXBuildFile; productRef = A1CAF04E2838947800242B47 /* DropboxAuth */; };
		A1CAF055283934B700242B47 /* AccountView.swift in Sources */ = {isa = PBXBuildFile; fileRef = A1CAF054283934B700242B47 /* AccountView.swift */; };
		A1CAF056283934B700242B47 /* AccountView.swift in Sources */ = {isa = PBXBuildFile; fileRef = A1CAF054283934B700242B47 /* AccountView.swift */; };
		A1CAF0582839360E00242B47 /* AuthManagerEnvironment.swift in Sources */ = {isa = PBXBuildFile; fileRef = A1CAF0572839360E00242B47 /* AuthManagerEnvironment.swift */; };
		A1CAF0592839360E00242B47 /* AuthManagerEnvironment.swift in Sources */ = {isa = PBXBuildFile; fileRef = A1CAF0572839360E00242B47 /* AuthManagerEnvironment.swift */; };
/* End PBXBuildFile section */

/* Begin PBXFileReference section */
		A1CAF00E283893FF00242B47 /* App.swift */ = {isa = PBXFileReference; lastKnownFileType = sourcecode.swift; path = App.swift; sourceTree = "<group>"; };
		A1CAF00F283893FF00242B47 /* ContentView.swift */ = {isa = PBXFileReference; lastKnownFileType = sourcecode.swift; path = ContentView.swift; sourceTree = "<group>"; };
		A1CAF0102838940000242B47 /* Assets.xcassets */ = {isa = PBXFileReference; lastKnownFileType = folder.assetcatalog; path = Assets.xcassets; sourceTree = "<group>"; };
		A1CAF0152838940000242B47 /* DropboxAuthExample.app */ = {isa = PBXFileReference; explicitFileType = wrapper.application; includeInIndex = 0; path = DropboxAuthExample.app; sourceTree = BUILT_PRODUCTS_DIR; };
		A1CAF01B2838940000242B47 /* DropboxAuthExample.app */ = {isa = PBXFileReference; explicitFileType = wrapper.application; includeInIndex = 0; path = DropboxAuthExample.app; sourceTree = BUILT_PRODUCTS_DIR; };
		A1CAF01D2838940000242B47 /* macOS.entitlements */ = {isa = PBXFileReference; lastKnownFileType = text.plist.entitlements; path = macOS.entitlements; sourceTree = "<group>"; };
		A1CAF0502838994A00242B47 /* ios-dropbox-auth */ = {isa = PBXFileReference; lastKnownFileType = wrapper; name = "ios-dropbox-auth"; path = ..; sourceTree = "<group>"; };
		A1CAF0522838E2D400242B47 /* Info.plist */ = {isa = PBXFileReference; lastKnownFileType = text.plist.xml; path = Info.plist; sourceTree = "<group>"; };
		A1CAF0532838ED1900242B47 /* iOS.entitlements */ = {isa = PBXFileReference; lastKnownFileType = text.plist.entitlements; path = iOS.entitlements; sourceTree = "<group>"; };
		A1CAF054283934B700242B47 /* AccountView.swift */ = {isa = PBXFileReference; lastKnownFileType = sourcecode.swift; path = AccountView.swift; sourceTree = "<group>"; };
		A1CAF0572839360E00242B47 /* AuthManagerEnvironment.swift */ = {isa = PBXFileReference; lastKnownFileType = sourcecode.swift; path = AuthManagerEnvironment.swift; sourceTree = "<group>"; };
/* End PBXFileReference section */

/* Begin PBXFrameworksBuildPhase section */
		A1CAF0122838940000242B47 /* Frameworks */ = {
			isa = PBXFrameworksBuildPhase;
			buildActionMask = 2147483647;
			files = (
				A1CAF04C2838945D00242B47 /* DropboxAuth in Frameworks */,
			);
			runOnlyForDeploymentPostprocessing = 0;
		};
		A1CAF0182838940000242B47 /* Frameworks */ = {
			isa = PBXFrameworksBuildPhase;
			buildActionMask = 2147483647;
			files = (
				A1CAF04F2838947800242B47 /* DropboxAuth in Frameworks */,
			);
			runOnlyForDeploymentPostprocessing = 0;
		};
/* End PBXFrameworksBuildPhase section */

/* Begin PBXGroup section */
		A1311A38283D9DDE0054410A /* iOS */ = {
			isa = PBXGroup;
			children = (
				A1CAF0532838ED1900242B47 /* iOS.entitlements */,
			);
			path = iOS;
			sourceTree = "<group>";
		};
		A1CAF008283893FF00242B47 = {
			isa = PBXGroup;
			children = (
				A1CAF00D283893FF00242B47 /* Shared */,
				A1311A38283D9DDE0054410A /* iOS */,
				A1CAF01C2838940000242B47 /* macOS */,
				A1CAF0502838994A00242B47 /* ios-dropbox-auth */,
				A1CAF0162838940000242B47 /* Products */,
			);
			sourceTree = "<group>";
		};
		A1CAF00D283893FF00242B47 /* Shared */ = {
			isa = PBXGroup;
			children = (
				A1CAF00E283893FF00242B47 /* App.swift */,
				A1CAF00F283893FF00242B47 /* ContentView.swift */,
				A1CAF054283934B700242B47 /* AccountView.swift */,
				A1CAF0572839360E00242B47 /* AuthManagerEnvironment.swift */,
				A1CAF0102838940000242B47 /* Assets.xcassets */,
				A1CAF0522838E2D400242B47 /* Info.plist */,
			);
			path = Shared;
			sourceTree = "<group>";
		};
		A1CAF0162838940000242B47 /* Products */ = {
			isa = PBXGroup;
			children = (
				A1CAF0152838940000242B47 /* DropboxAuthExample.app */,
				A1CAF01B2838940000242B47 /* DropboxAuthExample.app */,
			);
			name = Products;
			sourceTree = "<group>";
		};
		A1CAF01C2838940000242B47 /* macOS */ = {
			isa = PBXGroup;
			children = (
				A1CAF01D2838940000242B47 /* macOS.entitlements */,
			);
			path = macOS;
			sourceTree = "<group>";
		};
/* End PBXGroup section */

/* Begin PBXNativeTarget section */
		A1CAF0142838940000242B47 /* DropboxAuthExample (iOS) */ = {
			isa = PBXNativeTarget;
			buildConfigurationList = A1CAF03E2838940000242B47 /* Build configuration list for PBXNativeTarget "DropboxAuthExample (iOS)" */;
			buildPhases = (
				A1CAF0112838940000242B47 /* Sources */,
				A1CAF0122838940000242B47 /* Frameworks */,
				A1CAF0132838940000242B47 /* Resources */,
			);
			buildRules = (
			);
			dependencies = (
			);
			name = "DropboxAuthExample (iOS)";
			packageProductDependencies = (
				A1CAF04B2838945D00242B47 /* DropboxAuth */,
			);
			productName = "DropboxAuthExample (iOS)";
			productReference = A1CAF0152838940000242B47 /* DropboxAuthExample.app */;
			productType = "com.apple.product-type.application";
		};
		A1CAF01A2838940000242B47 /* DropboxAuthExample (macOS) */ = {
			isa = PBXNativeTarget;
			buildConfigurationList = A1CAF0412838940000242B47 /* Build configuration list for PBXNativeTarget "DropboxAuthExample (macOS)" */;
			buildPhases = (
				A1CAF0172838940000242B47 /* Sources */,
				A1CAF0182838940000242B47 /* Frameworks */,
				A1CAF0192838940000242B47 /* Resources */,
			);
			buildRules = (
			);
			dependencies = (
			);
			name = "DropboxAuthExample (macOS)";
			packageProductDependencies = (
				A1CAF04E2838947800242B47 /* DropboxAuth */,
			);
			productName = "DropboxAuthExample (macOS)";
			productReference = A1CAF01B2838940000242B47 /* DropboxAuthExample.app */;
			productType = "com.apple.product-type.application";
		};
/* End PBXNativeTarget section */

/* Begin PBXProject section */
		A1CAF009283893FF00242B47 /* Project object */ = {
			isa = PBXProject;
			attributes = {
				BuildIndependentTargetsInParallel = 1;
				LastSwiftUpdateCheck = 1340;
				LastUpgradeCheck = 1340;
				TargetAttributes = {
					A1CAF0142838940000242B47 = {
						CreatedOnToolsVersion = 13.4;
					};
					A1CAF01A2838940000242B47 = {
						CreatedOnToolsVersion = 13.4;
					};
				};
			};
			buildConfigurationList = A1CAF00C283893FF00242B47 /* Build configuration list for PBXProject "DropboxAuthExample" */;
			compatibilityVersion = "Xcode 13.0";
			developmentRegion = en;
			hasScannedForEncodings = 0;
			knownRegions = (
				en,
				Base,
			);
			mainGroup = A1CAF008283893FF00242B47;
			packageReferences = (
				A1CAF04A2838945D00242B47 /* XCRemoteSwiftPackageReference "ios-dropbox-auth" */,
			);
			productRefGroup = A1CAF0162838940000242B47 /* Products */;
			projectDirPath = "";
			projectRoot = "";
			targets = (
				A1CAF0142838940000242B47 /* DropboxAuthExample (iOS) */,
				A1CAF01A2838940000242B47 /* DropboxAuthExample (macOS) */,
			);
		};
/* End PBXProject section */

/* Begin PBXResourcesBuildPhase section */
		A1CAF0132838940000242B47 /* Resources */ = {
			isa = PBXResourcesBuildPhase;
			buildActionMask = 2147483647;
			files = (
				A1CAF03A2838940000242B47 /* Assets.xcassets in Resources */,
			);
			runOnlyForDeploymentPostprocessing = 0;
		};
		A1CAF0192838940000242B47 /* Resources */ = {
			isa = PBXResourcesBuildPhase;
			buildActionMask = 2147483647;
			files = (
				A1CAF03B2838940000242B47 /* Assets.xcassets in Resources */,
			);
			runOnlyForDeploymentPostprocessing = 0;
		};
/* End PBXResourcesBuildPhase section */

/* Begin PBXSourcesBuildPhase section */
		A1CAF0112838940000242B47 /* Sources */ = {
			isa = PBXSourcesBuildPhase;
			buildActionMask = 2147483647;
			files = (
				A1CAF055283934B700242B47 /* AccountView.swift in Sources */,
				A1CAF0582839360E00242B47 /* AuthManagerEnvironment.swift in Sources */,
				A1CAF0382838940000242B47 /* ContentView.swift in Sources */,
				A1CAF0362838940000242B47 /* App.swift in Sources */,
			);
			runOnlyForDeploymentPostprocessing = 0;
		};
		A1CAF0172838940000242B47 /* Sources */ = {
			isa = PBXSourcesBuildPhase;
			buildActionMask = 2147483647;
			files = (
				A1CAF056283934B700242B47 /* AccountView.swift in Sources */,
				A1CAF0592839360E00242B47 /* AuthManagerEnvironment.swift in Sources */,
				A1CAF0392838940000242B47 /* ContentView.swift in Sources */,
				A1CAF0372838940000242B47 /* App.swift in Sources */,
			);
			runOnlyForDeploymentPostprocessing = 0;
		};
/* End PBXSourcesBuildPhase section */

/* Begin XCBuildConfiguration section */
		A1CAF03C2838940000242B47 /* Debug */ = {
			isa = XCBuildConfiguration;
			buildSettings = {
				ALWAYS_SEARCH_USER_PATHS = NO;
				CLANG_ANALYZER_NONNULL = YES;
				CLANG_ANALYZER_NUMBER_OBJECT_CONVERSION = YES_AGGRESSIVE;
				CLANG_CXX_LANGUAGE_STANDARD = "gnu++17";
				CLANG_ENABLE_MODULES = YES;
				CLANG_ENABLE_OBJC_ARC = YES;
				CLANG_ENABLE_OBJC_WEAK = YES;
				CLANG_WARN_BLOCK_CAPTURE_AUTORELEASING = YES;
				CLANG_WARN_BOOL_CONVERSION = YES;
				CLANG_WARN_COMMA = YES;
				CLANG_WARN_CONSTANT_CONVERSION = YES;
				CLANG_WARN_DEPRECATED_OBJC_IMPLEMENTATIONS = YES;
				CLANG_WARN_DIRECT_OBJC_ISA_USAGE = YES_ERROR;
				CLANG_WARN_DOCUMENTATION_COMMENTS = YES;
				CLANG_WARN_EMPTY_BODY = YES;
				CLANG_WARN_ENUM_CONVERSION = YES;
				CLANG_WARN_INFINITE_RECURSION = YES;
				CLANG_WARN_INT_CONVERSION = YES;
				CLANG_WARN_NON_LITERAL_NULL_CONVERSION = YES;
				CLANG_WARN_OBJC_IMPLICIT_RETAIN_SELF = YES;
				CLANG_WARN_OBJC_LITERAL_CONVERSION = YES;
				CLANG_WARN_OBJC_ROOT_CLASS = YES_ERROR;
				CLANG_WARN_QUOTED_INCLUDE_IN_FRAMEWORK_HEADER = YES;
				CLANG_WARN_RANGE_LOOP_ANALYSIS = YES;
				CLANG_WARN_STRICT_PROTOTYPES = YES;
				CLANG_WARN_SUSPICIOUS_MOVE = YES;
				CLANG_WARN_UNGUARDED_AVAILABILITY = YES_AGGRESSIVE;
				CLANG_WARN_UNREACHABLE_CODE = YES;
				CLANG_WARN__DUPLICATE_METHOD_MATCH = YES;
				COPY_PHASE_STRIP = NO;
				DEBUG_INFORMATION_FORMAT = dwarf;
				ENABLE_STRICT_OBJC_MSGSEND = YES;
				ENABLE_TESTABILITY = YES;
				GCC_C_LANGUAGE_STANDARD = gnu11;
				GCC_DYNAMIC_NO_PIC = NO;
				GCC_NO_COMMON_BLOCKS = YES;
				GCC_OPTIMIZATION_LEVEL = 0;
				GCC_PREPROCESSOR_DEFINITIONS = (
					"DEBUG=1",
					"$(inherited)",
				);
				GCC_WARN_64_TO_32_BIT_CONVERSION = YES;
				GCC_WARN_ABOUT_RETURN_TYPE = YES_ERROR;
				GCC_WARN_UNDECLARED_SELECTOR = YES;
				GCC_WARN_UNINITIALIZED_AUTOS = YES_AGGRESSIVE;
				GCC_WARN_UNUSED_FUNCTION = YES;
				GCC_WARN_UNUSED_VARIABLE = YES;
				MTL_ENABLE_DEBUG_INFO = INCLUDE_SOURCE;
				MTL_FAST_MATH = YES;
				ONLY_ACTIVE_ARCH = YES;
				SWIFT_ACTIVE_COMPILATION_CONDITIONS = DEBUG;
				SWIFT_OPTIMIZATION_LEVEL = "-Onone";
			};
			name = Debug;
		};
		A1CAF03D2838940000242B47 /* Release */ = {
			isa = XCBuildConfiguration;
			buildSettings = {
				ALWAYS_SEARCH_USER_PATHS = NO;
				CLANG_ANALYZER_NONNULL = YES;
				CLANG_ANALYZER_NUMBER_OBJECT_CONVERSION = YES_AGGRESSIVE;
				CLANG_CXX_LANGUAGE_STANDARD = "gnu++17";
				CLANG_ENABLE_MODULES = YES;
				CLANG_ENABLE_OBJC_ARC = YES;
				CLANG_ENABLE_OBJC_WEAK = YES;
				CLANG_WARN_BLOCK_CAPTURE_AUTORELEASING = YES;
				CLANG_WARN_BOOL_CONVERSION = YES;
				CLANG_WARN_COMMA = YES;
				CLANG_WARN_CONSTANT_CONVERSION = YES;
				CLANG_WARN_DEPRECATED_OBJC_IMPLEMENTATIONS = YES;
				CLANG_WARN_DIRECT_OBJC_ISA_USAGE = YES_ERROR;
				CLANG_WARN_DOCUMENTATION_COMMENTS = YES;
				CLANG_WARN_EMPTY_BODY = YES;
				CLANG_WARN_ENUM_CONVERSION = YES;
				CLANG_WARN_INFINITE_RECURSION = YES;
				CLANG_WARN_INT_CONVERSION = YES;
				CLANG_WARN_NON_LITERAL_NULL_CONVERSION = YES;
				CLANG_WARN_OBJC_IMPLICIT_RETAIN_SELF = YES;
				CLANG_WARN_OBJC_LITERAL_CONVERSION = YES;
				CLANG_WARN_OBJC_ROOT_CLASS = YES_ERROR;
				CLANG_WARN_QUOTED_INCLUDE_IN_FRAMEWORK_HEADER = YES;
				CLANG_WARN_RANGE_LOOP_ANALYSIS = YES;
				CLANG_WARN_STRICT_PROTOTYPES = YES;
				CLANG_WARN_SUSPICIOUS_MOVE = YES;
				CLANG_WARN_UNGUARDED_AVAILABILITY = YES_AGGRESSIVE;
				CLANG_WARN_UNREACHABLE_CODE = YES;
				CLANG_WARN__DUPLICATE_METHOD_MATCH = YES;
				COPY_PHASE_STRIP = NO;
				DEBUG_INFORMATION_FORMAT = "dwarf-with-dsym";
				ENABLE_NS_ASSERTIONS = NO;
				ENABLE_STRICT_OBJC_MSGSEND = YES;
				GCC_C_LANGUAGE_STANDARD = gnu11;
				GCC_NO_COMMON_BLOCKS = YES;
				GCC_WARN_64_TO_32_BIT_CONVERSION = YES;
				GCC_WARN_ABOUT_RETURN_TYPE = YES_ERROR;
				GCC_WARN_UNDECLARED_SELECTOR = YES;
				GCC_WARN_UNINITIALIZED_AUTOS = YES_AGGRESSIVE;
				GCC_WARN_UNUSED_FUNCTION = YES;
				GCC_WARN_UNUSED_VARIABLE = YES;
				MTL_ENABLE_DEBUG_INFO = NO;
				MTL_FAST_MATH = YES;
				SWIFT_COMPILATION_MODE = wholemodule;
				SWIFT_OPTIMIZATION_LEVEL = "-O";
			};
			name = Release;
		};
		A1CAF03F2838940000242B47 /* Debug */ = {
			isa = XCBuildConfiguration;
			buildSettings = {
				ASSETCATALOG_COMPILER_APPICON_NAME = AppIcon;
				ASSETCATALOG_COMPILER_GLOBAL_ACCENT_COLOR_NAME = AccentColor;
				CODE_SIGN_ENTITLEMENTS = iOS/iOS.entitlements;
				CODE_SIGN_STYLE = Automatic;
				CURRENT_PROJECT_VERSION = 1;
				DEVELOPMENT_TEAM = SGWXH8G2WP;
				ENABLE_PREVIEWS = YES;
				GENERATE_INFOPLIST_FILE = YES;
				INFOPLIST_FILE = Shared/Info.plist;
				INFOPLIST_KEY_UIApplicationSceneManifest_Generation = YES;
				INFOPLIST_KEY_UIApplicationSupportsIndirectInputEvents = YES;
				INFOPLIST_KEY_UILaunchScreen_Generation = YES;
				INFOPLIST_KEY_UISupportedInterfaceOrientations_iPad = "UIInterfaceOrientationPortrait UIInterfaceOrientationPortraitUpsideDown UIInterfaceOrientationLandscapeLeft UIInterfaceOrientationLandscapeRight";
				INFOPLIST_KEY_UISupportedInterfaceOrientations_iPhone = "UIInterfaceOrientationPortrait UIInterfaceOrientationLandscapeLeft UIInterfaceOrientationLandscapeRight";
				IPHONEOS_DEPLOYMENT_TARGET = 15.0;
				LD_RUNPATH_SEARCH_PATHS = (
					"$(inherited)",
					"@executable_path/Frameworks",
				);
				MARKETING_VERSION = 1.0;
				PRODUCT_BUNDLE_IDENTIFIER = com.jellystyle.DropboxAuth.Example;
				PRODUCT_NAME = DropboxAuthExample;
				SDKROOT = iphoneos;
				SUPPORTS_MACCATALYST = YES;
				SWIFT_EMIT_LOC_STRINGS = YES;
				SWIFT_VERSION = 5.0;
				TARGETED_DEVICE_FAMILY = "1,2,6";
			};
			name = Debug;
		};
		A1CAF0402838940000242B47 /* Release */ = {
			isa = XCBuildConfiguration;
			buildSettings = {
				ASSETCATALOG_COMPILER_APPICON_NAME = AppIcon;
				ASSETCATALOG_COMPILER_GLOBAL_ACCENT_COLOR_NAME = AccentColor;
				CODE_SIGN_ENTITLEMENTS = iOS/iOS.entitlements;
				CODE_SIGN_STYLE = Automatic;
				CURRENT_PROJECT_VERSION = 1;
				DEVELOPMENT_TEAM = SGWXH8G2WP;
				ENABLE_PREVIEWS = YES;
				GENERATE_INFOPLIST_FILE = YES;
				INFOPLIST_FILE = Shared/Info.plist;
				INFOPLIST_KEY_UIApplicationSceneManifest_Generation = YES;
				INFOPLIST_KEY_UIApplicationSupportsIndirectInputEvents = YES;
				INFOPLIST_KEY_UILaunchScreen_Generation = YES;
				INFOPLIST_KEY_UISupportedInterfaceOrientations_iPad = "UIInterfaceOrientationPortrait UIInterfaceOrientationPortraitUpsideDown UIInterfaceOrientationLandscapeLeft UIInterfaceOrientationLandscapeRight";
				INFOPLIST_KEY_UISupportedInterfaceOrientations_iPhone = "UIInterfaceOrientationPortrait UIInterfaceOrientationLandscapeLeft UIInterfaceOrientationLandscapeRight";
				IPHONEOS_DEPLOYMENT_TARGET = 15.0;
				LD_RUNPATH_SEARCH_PATHS = (
					"$(inherited)",
					"@executable_path/Frameworks",
				);
				MARKETING_VERSION = 1.0;
				PRODUCT_BUNDLE_IDENTIFIER = com.jellystyle.DropboxAuth.Example;
				PRODUCT_NAME = DropboxAuthExample;
				SDKROOT = iphoneos;
				SUPPORTS_MACCATALYST = YES;
				SWIFT_EMIT_LOC_STRINGS = YES;
				SWIFT_VERSION = 5.0;
				TARGETED_DEVICE_FAMILY = "1,2,6";
				VALIDATE_PRODUCT = YES;
			};
			name = Release;
		};
		A1CAF0422838940000242B47 /* Debug */ = {
			isa = XCBuildConfiguration;
			buildSettings = {
				ASSETCATALOG_COMPILER_APPICON_NAME = AppIcon;
				ASSETCATALOG_COMPILER_GLOBAL_ACCENT_COLOR_NAME = AccentColor;
				CODE_SIGN_ENTITLEMENTS = macOS/macOS.entitlements;
				CODE_SIGN_STYLE = Automatic;
				COMBINE_HIDPI_IMAGES = YES;
				CURRENT_PROJECT_VERSION = 1;
				ENABLE_PREVIEWS = YES;
				GENERATE_INFOPLIST_FILE = YES;
				INFOPLIST_FILE = "DropboxAuthExample--macOS--Info.plist";
				INFOPLIST_KEY_NSHumanReadableCopyright = "";
				LD_RUNPATH_SEARCH_PATHS = (
					"$(inherited)",
					"@executable_path/../Frameworks",
				);
				MACOSX_DEPLOYMENT_TARGET = 12.3;
				MARKETING_VERSION = 1.0;
				PRODUCT_BUNDLE_IDENTIFIER = com.jellystyle.DropboxAuth.DropboxAuthExample;
				PRODUCT_NAME = DropboxAuthExample;
				SDKROOT = macosx;
				SWIFT_EMIT_LOC_STRINGS = YES;
				SWIFT_VERSION = 5.0;
			};
			name = Debug;
		};
		A1CAF0432838940000242B47 /* Release */ = {
			isa = XCBuildConfiguration;
			buildSettings = {
				ASSETCATALOG_COMPILER_APPICON_NAME = AppIcon;
				ASSETCATALOG_COMPILER_GLOBAL_ACCENT_COLOR_NAME = AccentColor;
				CODE_SIGN_ENTITLEMENTS = macOS/macOS.entitlements;
				CODE_SIGN_STYLE = Automatic;
				COMBINE_HIDPI_IMAGES = YES;
				CURRENT_PROJECT_VERSION = 1;
				ENABLE_PREVIEWS = YES;
				GENERATE_INFOPLIST_FILE = YES;
				INFOPLIST_FILE = "DropboxAuthExample--macOS--Info.plist";
				INFOPLIST_KEY_NSHumanReadableCopyright = "";
				LD_RUNPATH_SEARCH_PATHS = (
					"$(inherited)",
					"@executable_path/../Frameworks",
				);
				MACOSX_DEPLOYMENT_TARGET = 12.3;
				MARKETING_VERSION = 1.0;
				PRODUCT_BUNDLE_IDENTIFIER = com.jellystyle.DropboxAuth.DropboxAuthExample;
				PRODUCT_NAME = DropboxAuthExample;
				SDKROOT = macosx;
				SWIFT_EMIT_LOC_STRINGS = YES;
				SWIFT_VERSION = 5.0;
			};
			name = Release;
		};
/* End XCBuildConfiguration section */

/* Begin XCConfigurationList section */
		A1CAF00C283893FF00242B47 /* Build configuration list for PBXProject "DropboxAuthExample" */ = {
			isa = XCConfigurationList;
			buildConfigurations = (
				A1CAF03C2838940000242B47 /* Debug */,
				A1CAF03D2838940000242B47 /* Release */,
			);
			defaultConfigurationIsVisible = 0;
			defaultConfigurationName = Release;
		};
		A1CAF03E2838940000242B47 /* Build configuration list for PBXNativeTarget "DropboxAuthExample (iOS)" */ = {
			isa = XCConfigurationList;
			buildConfigurations = (
				A1CAF03F2838940000242B47 /* Debug */,
				A1CAF0402838940000242B47 /* Release */,
			);
			defaultConfigurationIsVisible = 0;
			defaultConfigurationName = Release;
		};
		A1CAF0412838940000242B47 /* Build configuration list for PBXNativeTarget "DropboxAuthExample (macOS)" */ = {
			isa = XCConfigurationList;
			buildConfigurations = (
				A1CAF0422838940000242B47 /* Debug */,
				A1CAF0432838940000242B47 /* Release */,
			);
			defaultConfigurationIsVisible = 0;
			defaultConfigurationName = Release;
		};
/* End XCConfigurationList section */

/* Begin XCRemoteSwiftPackageReference section */
		A1CAF04A2838945D00242B47 /* XCRemoteSwiftPackageReference "ios-dropbox-auth" */ = {
			isa = XCRemoteSwiftPackageReference;
			repositoryURL = "https://github.com/jellybeansoup/ios-dropbox-auth";
			requirement = {
				branch = master;
				kind = branch;
			};
		};
/* End XCRemoteSwiftPackageReference section */

/* Begin XCSwiftPackageProductDependency section */
		A1CAF04B2838945D00242B47 /* DropboxAuth */ = {
			isa = XCSwiftPackageProductDependency;
			package = A1CAF04A2838945D00242B47 /* XCRemoteSwiftPackageReference "ios-dropbox-auth" */;
			productName = DropboxAuth;
		};
		A1CAF04E2838947800242B47 /* DropboxAuth */ = {
			isa = XCSwiftPackageProductDependency;
			package = A1CAF04A2838945D00242B47 /* XCRemoteSwiftPackageReference "ios-dropbox-auth" */;
			productName = DropboxAuth;
		};
/* End XCSwiftPackageProductDependency section */
	};
	rootObject = A1CAF009283893FF00242B47 /* Project object */;
}
